
Microsoft Visual Studio Solution File, Format Version 12.00
# Visual Studio 15
VisualStudioVersion = 15.0.27428.2037
MinimumVisualStudioVersion = 10.0.40219.1
Project("{FAE04EC0-301F-11D3-BF4B-00C04F79EFBC}") = "ApplicationProjetX.Android", "ApplicationProjetX\ApplicationProjetX.Android\ApplicationProjetX.Android.csproj", "{3FED66CF-5821-4520-B4B6-5BD7BE55A11A}"
EndProject
Project("{FAE04EC0-301F-11D3-BF4B-00C04F79EFBC}") = "ApplicationProjetX.iOS", "ApplicationProjetX\ApplicationProjetX.iOS\ApplicationProjetX.iOS.csproj", "{B0FA8868-90D1-4E01-BFCB-C24F57A5AE23}"
EndProject
Project("{FAE04EC0-301F-11D3-BF4B-00C04F79EFBC}") = "ApplicationProjetX.UWP", "ApplicationProjetX\ApplicationProjetX.UWP\ApplicationProjetX.UWP.csproj", "{72F76F4F-997F-415C-A28D-1C28B6203E3C}"
EndProject
Project("{FAE04EC0-301F-11D3-BF4B-00C04F79EFBC}") = "ApplicationProjetX", "ApplicationProjetX\ApplicationProjetX\ApplicationProjetX.csproj", "{FA53FF9E-2123-4D68-9E00-9B1B08F05CE2}"
EndProject
Global
	GlobalSection(SolutionConfigurationPlatforms) = preSolution
		Ad-Hoc|Any CPU = Ad-Hoc|Any CPU
		Ad-Hoc|ARM = Ad-Hoc|ARM
		Ad-Hoc|iPhone = Ad-Hoc|iPhone
		Ad-Hoc|iPhoneSimulator = Ad-Hoc|iPhoneSimulator
		Ad-Hoc|x64 = Ad-Hoc|x64
		Ad-Hoc|x86 = Ad-Hoc|x86
		AppStore|Any CPU = AppStore|Any CPU
		AppStore|ARM = AppStore|ARM
		AppStore|iPhone = AppStore|iPhone
		AppStore|iPhoneSimulator = AppStore|iPhoneSimulator
		AppStore|x64 = AppStore|x64
		AppStore|x86 = AppStore|x86
		Debug|Any CPU = Debug|Any CPU
		Debug|ARM = Debug|ARM
		Debug|iPhone = Debug|iPhone
		Debug|iPhoneSimulator = Debug|iPhoneSimulator
		Debug|x64 = Debug|x64
		Debug|x86 = Debug|x86
		Release|Any CPU = Release|Any CPU
		Release|ARM = Release|ARM
		Release|iPhone = Release|iPhone
		Release|iPhoneSimulator = Release|iPhoneSimulator
		Release|x64 = Release|x64
		Release|x86 = Release|x86
	EndGlobalSection
	GlobalSection(ProjectConfigurationPlatforms) = postSolution
		{3FED66CF-5821-4520-B4B6-5BD7BE55A11A}.Ad-Hoc|Any CPU.ActiveCfg = Release|Any CPU
		{3FED66CF-5821-4520-B4B6-5BD7BE55A11A}.Ad-Hoc|Any CPU.Build.0 = Release|Any CPU
		{3FED66CF-5821-4520-B4B6-5BD7BE55A11A}.Ad-Hoc|Any CPU.Deploy.0 = Release|Any CPU
		{3FED66CF-5821-4520-B4B6-5BD7BE55A11A}.Ad-Hoc|ARM.ActiveCfg = Release|Any CPU
		{3FED66CF-5821-4520-B4B6-5BD7BE55A11A}.Ad-Hoc|ARM.Build.0 = Release|Any CPU
		{3FED66CF-5821-4520-B4B6-5BD7BE55A11A}.Ad-Hoc|ARM.Deploy.0 = Release|Any CPU
		{3FED66CF-5821-4520-B4B6-5BD7BE55A11A}.Ad-Hoc|iPhone.ActiveCfg = Release|Any CPU
		{3FED66CF-5821-4520-B4B6-5BD7BE55A11A}.Ad-Hoc|iPhone.Build.0 = Release|Any CPU
		{3FED66CF-5821-4520-B4B6-5BD7BE55A11A}.Ad-Hoc|iPhone.Deploy.0 = Release|Any CPU
		{3FED66CF-5821-4520-B4B6-5BD7BE55A11A}.Ad-Hoc|iPhoneSimulator.ActiveCfg = Release|Any CPU
		{3FED66CF-5821-4520-B4B6-5BD7BE55A11A}.Ad-Hoc|iPhoneSimulator.Build.0 = Release|Any CPU
		{3FED66CF-5821-4520-B4B6-5BD7BE55A11A}.Ad-Hoc|iPhoneSimulator.Deploy.0 = Release|Any CPU
		{3FED66CF-5821-4520-B4B6-5BD7BE55A11A}.Ad-Hoc|x64.ActiveCfg = Release|Any CPU
		{3FED66CF-5821-4520-B4B6-5BD7BE55A11A}.Ad-Hoc|x64.Build.0 = Release|Any CPU
		{3FED66CF-5821-4520-B4B6-5BD7BE55A11A}.Ad-Hoc|x64.Deploy.0 = Release|Any CPU
		{3FED66CF-5821-4520-B4B6-5BD7BE55A11A}.Ad-Hoc|x86.ActiveCfg = Release|Any CPU
		{3FED66CF-5821-4520-B4B6-5BD7BE55A11A}.Ad-Hoc|x86.Build.0 = Release|Any CPU
		{3FED66CF-5821-4520-B4B6-5BD7BE55A11A}.Ad-Hoc|x86.Deploy.0 = Release|Any CPU
		{3FED66CF-5821-4520-B4B6-5BD7BE55A11A}.AppStore|Any CPU.ActiveCfg = Release|Any CPU
		{3FED66CF-5821-4520-B4B6-5BD7BE55A11A}.AppStore|Any CPU.Build.0 = Release|Any CPU
		{3FED66CF-5821-4520-B4B6-5BD7BE55A11A}.AppStore|Any CPU.Deploy.0 = Release|Any CPU
		{3FED66CF-5821-4520-B4B6-5BD7BE55A11A}.AppStore|ARM.ActiveCfg = Release|Any CPU
		{3FED66CF-5821-4520-B4B6-5BD7BE55A11A}.AppStore|ARM.Build.0 = Release|Any CPU
		{3FED66CF-5821-4520-B4B6-5BD7BE55A11A}.AppStore|ARM.Deploy.0 = Release|Any CPU
		{3FED66CF-5821-4520-B4B6-5BD7BE55A11A}.AppStore|iPhone.ActiveCfg = Release|Any CPU
		{3FED66CF-5821-4520-B4B6-5BD7BE55A11A}.AppStore|iPhone.Build.0 = Release|Any CPU
		{3FED66CF-5821-4520-B4B6-5BD7BE55A11A}.AppStore|iPhone.Deploy.0 = Release|Any CPU
		{3FED66CF-5821-4520-B4B6-5BD7BE55A11A}.AppStore|iPhoneSimulator.ActiveCfg = Release|Any CPU
		{3FED66CF-5821-4520-B4B6-5BD7BE55A11A}.AppStore|iPhoneSimulator.Build.0 = Release|Any CPU
		{3FED66CF-5821-4520-B4B6-5BD7BE55A11A}.AppStore|iPhoneSimulator.Deploy.0 = Release|Any CPU
		{3FED66CF-5821-4520-B4B6-5BD7BE55A11A}.AppStore|x64.ActiveCfg = Release|Any CPU
		{3FED66CF-5821-4520-B4B6-5BD7BE55A11A}.AppStore|x64.Build.0 = Release|Any CPU
		{3FED66CF-5821-4520-B4B6-5BD7BE55A11A}.AppStore|x64.Deploy.0 = Release|Any CPU
		{3FED66CF-5821-4520-B4B6-5BD7BE55A11A}.AppStore|x86.ActiveCfg = Release|Any CPU
		{3FED66CF-5821-4520-B4B6-5BD7BE55A11A}.AppStore|x86.Build.0 = Release|Any CPU
		{3FED66CF-5821-4520-B4B6-5BD7BE55A11A}.AppStore|x86.Deploy.0 = Release|Any CPU
		{3FED66CF-5821-4520-B4B6-5BD7BE55A11A}.Debug|Any CPU.ActiveCfg = Debug|Any CPU
		{3FED66CF-5821-4520-B4B6-5BD7BE55A11A}.Debug|Any CPU.Build.0 = Debug|Any CPU
		{3FED66CF-5821-4520-B4B6-5BD7BE55A11A}.Debug|Any CPU.Deploy.0 = Debug|Any CPU
		{3FED66CF-5821-4520-B4B6-5BD7BE55A11A}.Debug|ARM.ActiveCfg = Debug|Any CPU
		{3FED66CF-5821-4520-B4B6-5BD7BE55A11A}.Debug|ARM.Build.0 = Debug|Any CPU
		{3FED66CF-5821-4520-B4B6-5BD7BE55A11A}.Debug|ARM.Deploy.0 = Debug|Any CPU
		{3FED66CF-5821-4520-B4B6-5BD7BE55A11A}.Debug|iPhone.ActiveCfg = Debug|Any CPU
		{3FED66CF-5821-4520-B4B6-5BD7BE55A11A}.Debug|iPhone.Build.0 = Debug|Any CPU
		{3FED66CF-5821-4520-B4B6-5BD7BE55A11A}.Debug|iPhone.Deploy.0 = Debug|Any CPU
		{3FED66CF-5821-4520-B4B6-5BD7BE55A11A}.Debug|iPhoneSimulator.ActiveCfg = Debug|Any CPU
		{3FED66CF-5821-4520-B4B6-5BD7BE55A11A}.Debug|iPhoneSimulator.Build.0 = Debug|Any CPU
		{3FED66CF-5821-4520-B4B6-5BD7BE55A11A}.Debug|iPhoneSimulator.Deploy.0 = Debug|Any CPU
		{3FED66CF-5821-4520-B4B6-5BD7BE55A11A}.Debug|x64.ActiveCfg = Debug|Any CPU
		{3FED66CF-5821-4520-B4B6-5BD7BE55A11A}.Debug|x64.Build.0 = Debug|Any CPU
		{3FED66CF-5821-4520-B4B6-5BD7BE55A11A}.Debug|x64.Deploy.0 = Debug|Any CPU
		{3FED66CF-5821-4520-B4B6-5BD7BE55A11A}.Debug|x86.ActiveCfg = Debug|Any CPU
		{3FED66CF-5821-4520-B4B6-5BD7BE55A11A}.Debug|x86.Build.0 = Debug|Any CPU
		{3FED66CF-5821-4520-B4B6-5BD7BE55A11A}.Debug|x86.Deploy.0 = Debug|Any CPU
		{3FED66CF-5821-4520-B4B6-5BD7BE55A11A}.Release|Any CPU.ActiveCfg = Release|Any CPU
		{3FED66CF-5821-4520-B4B6-5BD7BE55A11A}.Release|Any CPU.Build.0 = Release|Any CPU
		{3FED66CF-5821-4520-B4B6-5BD7BE55A11A}.Release|Any CPU.Deploy.0 = Release|Any CPU
		{3FED66CF-5821-4520-B4B6-5BD7BE55A11A}.Release|ARM.ActiveCfg = Release|Any CPU
		{3FED66CF-5821-4520-B4B6-5BD7BE55A11A}.Release|ARM.Build.0 = Release|Any CPU
		{3FED66CF-5821-4520-B4B6-5BD7BE55A11A}.Release|ARM.Deploy.0 = Release|Any CPU
		{3FED66CF-5821-4520-B4B6-5BD7BE55A11A}.Release|iPhone.ActiveCfg = Release|Any CPU
		{3FED66CF-5821-4520-B4B6-5BD7BE55A11A}.Release|iPhone.Build.0 = Release|Any CPU
		{3FED66CF-5821-4520-B4B6-5BD7BE55A11A}.Release|iPhone.Deploy.0 = Release|Any CPU
		{3FED66CF-5821-4520-B4B6-5BD7BE55A11A}.Release|iPhoneSimulator.ActiveCfg = Release|Any CPU
		{3FED66CF-5821-4520-B4B6-5BD7BE55A11A}.Release|iPhoneSimulator.Build.0 = Release|Any CPU
		{3FED66CF-5821-4520-B4B6-5BD7BE55A11A}.Release|iPhoneSimulator.Deploy.0 = Release|Any CPU
		{3FED66CF-5821-4520-B4B6-5BD7BE55A11A}.Release|x64.ActiveCfg = Release|Any CPU
		{3FED66CF-5821-4520-B4B6-5BD7BE55A11A}.Release|x64.Build.0 = Release|Any CPU
		{3FED66CF-5821-4520-B4B6-5BD7BE55A11A}.Release|x64.Deploy.0 = Release|Any CPU
		{3FED66CF-5821-4520-B4B6-5BD7BE55A11A}.Release|x86.ActiveCfg = Release|Any CPU
		{3FED66CF-5821-4520-B4B6-5BD7BE55A11A}.Release|x86.Build.0 = Release|Any CPU
		{3FED66CF-5821-4520-B4B6-5BD7BE55A11A}.Release|x86.Deploy.0 = Release|Any CPU
		{B0FA8868-90D1-4E01-BFCB-C24F57A5AE23}.Ad-Hoc|Any CPU.ActiveCfg = Ad-Hoc|iPhone
		{B0FA8868-90D1-4E01-BFCB-C24F57A5AE23}.Ad-Hoc|ARM.ActiveCfg = Ad-Hoc|iPhone
		{B0FA8868-90D1-4E01-BFCB-C24F57A5AE23}.Ad-Hoc|iPhone.ActiveCfg = Ad-Hoc|iPhone
		{B0FA8868-90D1-4E01-BFCB-C24F57A5AE23}.Ad-Hoc|iPhone.Build.0 = Ad-Hoc|iPhone
		{B0FA8868-90D1-4E01-BFCB-C24F57A5AE23}.Ad-Hoc|iPhoneSimulator.ActiveCfg = Ad-Hoc|iPhoneSimulator
		{B0FA8868-90D1-4E01-BFCB-C24F57A5AE23}.Ad-Hoc|iPhoneSimulator.Build.0 = Ad-Hoc|iPhoneSimulator
		{B0FA8868-90D1-4E01-BFCB-C24F57A5AE23}.Ad-Hoc|x64.ActiveCfg = Ad-Hoc|iPhone
		{B0FA8868-90D1-4E01-BFCB-C24F57A5AE23}.Ad-Hoc|x86.ActiveCfg = Ad-Hoc|iPhone
		{B0FA8868-90D1-4E01-BFCB-C24F57A5AE23}.AppStore|Any CPU.ActiveCfg = AppStore|iPhone
		{B0FA8868-90D1-4E01-BFCB-C24F57A5AE23}.AppStore|ARM.ActiveCfg = AppStore|iPhone
		{B0FA8868-90D1-4E01-BFCB-C24F57A5AE23}.AppStore|iPhone.ActiveCfg = AppStore|iPhone
		{B0FA8868-90D1-4E01-BFCB-C24F57A5AE23}.AppStore|iPhone.Build.0 = AppStore|iPhone
		{B0FA8868-90D1-4E01-BFCB-C24F57A5AE23}.AppStore|iPhoneSimulator.ActiveCfg = AppStore|iPhoneSimulator
		{B0FA8868-90D1-4E01-BFCB-C24F57A5AE23}.AppStore|iPhoneSimulator.Build.0 = AppStore|iPhoneSimulator
		{B0FA8868-90D1-4E01-BFCB-C24F57A5AE23}.AppStore|x64.ActiveCfg = AppStore|iPhone
		{B0FA8868-90D1-4E01-BFCB-C24F57A5AE23}.AppStore|x86.ActiveCfg = AppStore|iPhone
		{B0FA8868-90D1-4E01-BFCB-C24F57A5AE23}.Debug|Any CPU.ActiveCfg = Debug|iPhone
		{B0FA8868-90D1-4E01-BFCB-C24F57A5AE23}.Debug|ARM.ActiveCfg = Debug|iPhone
		{B0FA8868-90D1-4E01-BFCB-C24F57A5AE23}.Debug|iPhone.ActiveCfg = Debug|iPhone
		{B0FA8868-90D1-4E01-BFCB-C24F57A5AE23}.Debug|iPhone.Build.0 = Debug|iPhone
		{B0FA8868-90D1-4E01-BFCB-C24F57A5AE23}.Debug|iPhoneSimulator.ActiveCfg = Debug|iPhoneSimulator
		{B0FA8868-90D1-4E01-BFCB-C24F57A5AE23}.Debug|iPhoneSimulator.Build.0 = Debug|iPhoneSimulator
		{B0FA8868-90D1-4E01-BFCB-C24F57A5AE23}.Debug|x64.ActiveCfg = Debug|iPhone
		{B0FA8868-90D1-4E01-BFCB-C24F57A5AE23}.Debug|x86.ActiveCfg = Debug|iPhone
		{B0FA8868-90D1-4E01-BFCB-C24F57A5AE23}.Release|Any CPU.ActiveCfg = Release|iPhone
		{B0FA8868-90D1-4E01-BFCB-C24F57A5AE23}.Release|ARM.ActiveCfg = Release|iPhone
		{B0FA8868-90D1-4E01-BFCB-C24F57A5AE23}.Release|iPhone.ActiveCfg = Release|iPhone
		{B0FA8868-90D1-4E01-BFCB-C24F57A5AE23}.Release|iPhone.Build.0 = Release|iPhone
		{B0FA8868-90D1-4E01-BFCB-C24F57A5AE23}.Release|iPhoneSimulator.ActiveCfg = Release|iPhoneSimulator
		{B0FA8868-90D1-4E01-BFCB-C24F57A5AE23}.Release|iPhoneSimulator.Build.0 = Release|iPhoneSimulator
		{B0FA8868-90D1-4E01-BFCB-C24F57A5AE23}.Release|x64.ActiveCfg = Release|iPhone
		{B0FA8868-90D1-4E01-BFCB-C24F57A5AE23}.Release|x86.ActiveCfg = Release|iPhone
		{72F76F4F-997F-415C-A28D-1C28B6203E3C}.Ad-Hoc|Any CPU.ActiveCfg = Release|x86
		{72F76F4F-997F-415C-A28D-1C28B6203E3C}.Ad-Hoc|Any CPU.Build.0 = Release|x86
		{72F76F4F-997F-415C-A28D-1C28B6203E3C}.Ad-Hoc|Any CPU.Deploy.0 = Release|x86
		{72F76F4F-997F-415C-A28D-1C28B6203E3C}.Ad-Hoc|ARM.ActiveCfg = Release|ARM
		{72F76F4F-997F-415C-A28D-1C28B6203E3C}.Ad-Hoc|ARM.Build.0 = Release|ARM
		{72F76F4F-997F-415C-A28D-1C28B6203E3C}.Ad-Hoc|ARM.Deploy.0 = Release|ARM
		{72F76F4F-997F-415C-A28D-1C28B6203E3C}.Ad-Hoc|iPhone.ActiveCfg = Release|x86
		{72F76F4F-997F-415C-A28D-1C28B6203E3C}.Ad-Hoc|iPhone.Build.0 = Release|x86
		{72F76F4F-997F-415C-A28D-1C28B6203E3C}.Ad-Hoc|iPhone.Deploy.0 = Release|x86
		{72F76F4F-997F-415C-A28D-1C28B6203E3C}.Ad-Hoc|iPhoneSimulator.ActiveCfg = Release|x86
		{72F76F4F-997F-415C-A28D-1C28B6203E3C}.Ad-Hoc|iPhoneSimulator.Build.0 = Release|x86
		{72F76F4F-997F-415C-A28D-1C28B6203E3C}.Ad-Hoc|iPhoneSimulator.Deploy.0 = Release|x86
		{72F76F4F-997F-415C-A28D-1C28B6203E3C}.Ad-Hoc|x64.ActiveCfg = Release|x64
		{72F76F4F-997F-415C-A28D-1C28B6203E3C}.Ad-Hoc|x64.Build.0 = Release|x64
		{72F76F4F-997F-415C-A28D-1C28B6203E3C}.Ad-Hoc|x64.Deploy.0 = Release|x64
		{72F76F4F-997F-415C-A28D-1C28B6203E3C}.Ad-Hoc|x86.ActiveCfg = Release|x86
		{72F76F4F-997F-415C-A28D-1C28B6203E3C}.Ad-Hoc|x86.Build.0 = Release|x86
		{72F76F4F-997F-415C-A28D-1C28B6203E3C}.Ad-Hoc|x86.Deploy.0 = Release|x86
		{72F76F4F-997F-415C-A28D-1C28B6203E3C}.AppStore|Any CPU.ActiveCfg = Release|x86
		{72F76F4F-997F-415C-A28D-1C28B6203E3C}.AppStore|Any CPU.Build.0 = Release|x86
		{72F76F4F-997F-415C-A28D-1C28B6203E3C}.AppStore|Any CPU.Deploy.0 = Release|x86
		{72F76F4F-997F-415C-A28D-1C28B6203E3C}.AppStore|ARM.ActiveCfg = Release|ARM
		{72F76F4F-997F-415C-A28D-1C28B6203E3C}.AppStore|ARM.Build.0 = Release|ARM
		{72F76F4F-997F-415C-A28D-1C28B6203E3C}.AppStore|ARM.Deploy.0 = Release|ARM
		{72F76F4F-997F-415C-A28D-1C28B6203E3C}.AppStore|iPhone.ActiveCfg = Release|x86
		{72F76F4F-997F-415C-A28D-1C28B6203E3C}.AppStore|iPhone.Build.0 = Release|x86
		{72F76F4F-997F-415C-A28D-1C28B6203E3C}.AppStore|iPhone.Deploy.0 = Release|x86
		{72F76F4F-997F-415C-A28D-1C28B6203E3C}.AppStore|iPhoneSimulator.ActiveCfg = Release|x86
		{72F76F4F-997F-415C-A28D-1C28B6203E3C}.AppStore|iPhoneSimulator.Build.0 = Release|x86
		{72F76F4F-997F-415C-A28D-1C28B6203E3C}.AppStore|iPhoneSimulator.Deploy.0 = Release|x86
		{72F76F4F-997F-415C-A28D-1C28B6203E3C}.AppStore|x64.ActiveCfg = Release|x64
		{72F76F4F-997F-415C-A28D-1C28B6203E3C}.AppStore|x64.Build.0 = Release|x64
		{72F76F4F-997F-415C-A28D-1C28B6203E3C}.AppStore|x64.Deploy.0 = Release|x64
		{72F76F4F-997F-415C-A28D-1C28B6203E3C}.AppStore|x86.ActiveCfg = Release|x86
		{72F76F4F-997F-415C-A28D-1C28B6203E3C}.AppStore|x86.Build.0 = Release|x86
		{72F76F4F-997F-415C-A28D-1C28B6203E3C}.AppStore|x86.Deploy.0 = Release|x86
		{72F76F4F-997F-415C-A28D-1C28B6203E3C}.Debug|Any CPU.ActiveCfg = Debug|x86
		{72F76F4F-997F-415C-A28D-1C28B6203E3C}.Debug|ARM.ActiveCfg = Debug|ARM
		{72F76F4F-997F-415C-A28D-1C28B6203E3C}.Debug|ARM.Build.0 = Debug|ARM
		{72F76F4F-997F-415C-A28D-1C28B6203E3C}.Debug|ARM.Deploy.0 = Debug|ARM
		{72F76F4F-997F-415C-A28D-1C28B6203E3C}.Debug|iPhone.ActiveCfg = Debug|x86
		{72F76F4F-997F-415C-A28D-1C28B6203E3C}.Debug|iPhoneSimulator.ActiveCfg = Debug|x86
		{72F76F4F-997F-415C-A28D-1C28B6203E3C}.Debug|x64.ActiveCfg = Debug|x64
		{72F76F4F-997F-415C-A28D-1C28B6203E3C}.Debug|x64.Build.0 = Debug|x64
		{72F76F4F-997F-415C-A28D-1C28B6203E3C}.Debug|x64.Deploy.0 = Debug|x64
		{72F76F4F-997F-415C-A28D-1C28B6203E3C}.Debug|x86.ActiveCfg = Debug|x86
		{72F76F4F-997F-415C-A28D-1C28B6203E3C}.Debug|x86.Build.0 = Debug|x86
		{72F76F4F-997F-415C-A28D-1C28B6203E3C}.Debug|x86.Deploy.0 = Debug|x86
		{72F76F4F-997F-415C-A28D-1C28B6203E3C}.Release|Any CPU.ActiveCfg = Release|x86
		{72F76F4F-997F-415C-A28D-1C28B6203E3C}.Release|ARM.ActiveCfg = Release|ARM
		{72F76F4F-997F-415C-A28D-1C28B6203E3C}.Release|ARM.Build.0 = Release|ARM
		{72F76F4F-997F-415C-A28D-1C28B6203E3C}.Release|ARM.Deploy.0 = Release|ARM
		{72F76F4F-997F-415C-A28D-1C28B6203E3C}.Release|iPhone.ActiveCfg = Release|x86
		{72F76F4F-997F-415C-A28D-1C28B6203E3C}.Release|iPhoneSimulator.ActiveCfg = Release|x86
		{72F76F4F-997F-415C-A28D-1C28B6203E3C}.Release|x64.ActiveCfg = Release|x64
		{72F76F4F-997F-415C-A28D-1C28B6203E3C}.Release|x64.Build.0 = Release|x64
		{72F76F4F-997F-415C-A28D-1C28B6203E3C}.Release|x64.Deploy.0 = Release|x64
		{72F76F4F-997F-415C-A28D-1C28B6203E3C}.Release|x86.ActiveCfg = Release|x86
		{72F76F4F-997F-415C-A28D-1C28B6203E3C}.Release|x86.Build.0 = Release|x86
		{72F76F4F-997F-415C-A28D-1C28B6203E3C}.Release|x86.Deploy.0 = Release|x86
		{FA53FF9E-2123-4D68-9E00-9B1B08F05CE2}.Ad-Hoc|Any CPU.ActiveCfg = Debug|Any CPU
		{FA53FF9E-2123-4D68-9E00-9B1B08F05CE2}.Ad-Hoc|Any CPU.Build.0 = Debug|Any CPU
		{FA53FF9E-2123-4D68-9E00-9B1B08F05CE2}.Ad-Hoc|ARM.ActiveCfg = Debug|Any CPU
		{FA53FF9E-2123-4D68-9E00-9B1B08F05CE2}.Ad-Hoc|ARM.Build.0 = Debug|Any CPU
		{FA53FF9E-2123-4D68-9E00-9B1B08F05CE2}.Ad-Hoc|iPhone.ActiveCfg = Debug|Any CPU
		{FA53FF9E-2123-4D68-9E00-9B1B08F05CE2}.Ad-Hoc|iPhone.Build.0 = Debug|Any CPU
		{FA53FF9E-2123-4D68-9E00-9B1B08F05CE2}.Ad-Hoc|iPhoneSimulator.ActiveCfg = Debug|Any CPU
		{FA53FF9E-2123-4D68-9E00-9B1B08F05CE2}.Ad-Hoc|iPhoneSimulator.Build.0 = Debug|Any CPU
		{FA53FF9E-2123-4D68-9E00-9B1B08F05CE2}.Ad-Hoc|x64.ActiveCfg = Debug|Any CPU
		{FA53FF9E-2123-4D68-9E00-9B1B08F05CE2}.Ad-Hoc|x64.Build.0 = Debug|Any CPU
		{FA53FF9E-2123-4D68-9E00-9B1B08F05CE2}.Ad-Hoc|x86.ActiveCfg = Debug|Any CPU
		{FA53FF9E-2123-4D68-9E00-9B1B08F05CE2}.Ad-Hoc|x86.Build.0 = Debug|Any CPU
		{FA53FF9E-2123-4D68-9E00-9B1B08F05CE2}.AppStore|Any CPU.ActiveCfg = Debug|Any CPU
		{FA53FF9E-2123-4D68-9E00-9B1B08F05CE2}.AppStore|Any CPU.Build.0 = Debug|Any CPU
		{FA53FF9E-2123-4D68-9E00-9B1B08F05CE2}.AppStore|ARM.ActiveCfg = Debug|Any CPU
		{FA53FF9E-2123-4D68-9E00-9B1B08F05CE2}.AppStore|ARM.Build.0 = Debug|Any CPU
		{FA53FF9E-2123-4D68-9E00-9B1B08F05CE2}.AppStore|iPhone.ActiveCfg = Debug|Any CPU
		{FA53FF9E-2123-4D68-9E00-9B1B08F05CE2}.AppStore|iPhone.Build.0 = Debug|Any CPU
		{FA53FF9E-2123-4D68-9E00-9B1B08F05CE2}.AppStore|iPhoneSimulator.ActiveCfg = Debug|Any CPU
		{FA53FF9E-2123-4D68-9E00-9B1B08F05CE2}.AppStore|iPhoneSimulator.Build.0 = Debug|Any CPU
		{FA53FF9E-2123-4D68-9E00-9B1B08F05CE2}.AppStore|x64.ActiveCfg = Debug|Any CPU
		{FA53FF9E-2123-4D68-9E00-9B1B08F05CE2}.AppStore|x64.Build.0 = Debug|Any CPU
		{FA53FF9E-2123-4D68-9E00-9B1B08F05CE2}.AppStore|x86.ActiveCfg = Debug|Any CPU
		{FA53FF9E-2123-4D68-9E00-9B1B08F05CE2}.AppStore|x86.Build.0 = Debug|Any CPU
		{FA53FF9E-2123-4D68-9E00-9B1B08F05CE2}.Debug|Any CPU.ActiveCfg = Debug|Any CPU
		{FA53FF9E-2123-4D68-9E00-9B1B08F05CE2}.Debug|Any CPU.Build.0 = Debug|Any CPU
		{FA53FF9E-2123-4D68-9E00-9B1B08F05CE2}.Debug|ARM.ActiveCfg = Debug|Any CPU
		{FA53FF9E-2123-4D68-9E00-9B1B08F05CE2}.Debug|ARM.Build.0 = Debug|Any CPU
		{FA53FF9E-2123-4D68-9E00-9B1B08F05CE2}.Debug|iPhone.ActiveCfg = Debug|Any CPU
		{FA53FF9E-2123-4D68-9E00-9B1B08F05CE2}.Debug|iPhone.Build.0 = Debug|Any CPU
		{FA53FF9E-2123-4D68-9E00-9B1B08F05CE2}.Debug|iPhoneSimulator.ActiveCfg = Debug|Any CPU
		{FA53FF9E-2123-4D68-9E00-9B1B08F05CE2}.Debug|iPhoneSimulator.Build.0 = Debug|Any CPU
		{FA53FF9E-2123-4D68-9E00-9B1B08F05CE2}.Debug|x64.ActiveCfg = Debug|Any CPU
		{FA53FF9E-2123-4D68-9E00-9B1B08F05CE2}.Debug|x64.Build.0 = Debug|Any CPU
		{FA53FF9E-2123-4D68-9E00-9B1B08F05CE2}.Debug|x86.ActiveCfg = Debug|Any CPU
		{FA53FF9E-2123-4D68-9E00-9B1B08F05CE2}.Debug|x86.Build.0 = Debug|Any CPU
		{FA53FF9E-2123-4D68-9E00-9B1B08F05CE2}.Release|Any CPU.ActiveCfg = Release|Any CPU
		{FA53FF9E-2123-4D68-9E00-9B1B08F05CE2}.Release|Any CPU.Build.0 = Release|Any CPU
		{FA53FF9E-2123-4D68-9E00-9B1B08F05CE2}.Release|ARM.ActiveCfg = Release|Any CPU
		{FA53FF9E-2123-4D68-9E00-9B1B08F05CE2}.Release|ARM.Build.0 = Release|Any CPU
		{FA53FF9E-2123-4D68-9E00-9B1B08F05CE2}.Release|iPhone.ActiveCfg = Release|Any CPU
		{FA53FF9E-2123-4D68-9E00-9B1B08F05CE2}.Release|iPhone.Build.0 = Release|Any CPU
		{FA53FF9E-2123-4D68-9E00-9B1B08F05CE2}.Release|iPhoneSimulator.ActiveCfg = Release|Any CPU
		{FA53FF9E-2123-4D68-9E00-9B1B08F05CE2}.Release|iPhoneSimulator.Build.0 = Release|Any CPU
		{FA53FF9E-2123-4D68-9E00-9B1B08F05CE2}.Release|x64.ActiveCfg = Release|Any CPU
		{FA53FF9E-2123-4D68-9E00-9B1B08F05CE2}.Release|x64.Build.0 = Release|Any CPU
		{FA53FF9E-2123-4D68-9E00-9B1B08F05CE2}.Release|x86.ActiveCfg = Release|Any CPU
		{FA53FF9E-2123-4D68-9E00-9B1B08F05CE2}.Release|x86.Build.0 = Release|Any CPU
	EndGlobalSection
	GlobalSection(SolutionProperties) = preSolution
		HideSolutionNode = FALSE
	EndGlobalSection
	GlobalSection(ExtensibilityGlobals) = postSolution
		SolutionGuid = {F2015D3C-C6D5-41BD-8EA9-06B051905E6C}
	EndGlobalSection
EndGlobal
